<Solution>
  <Folder Name="/src/">
    <Project Path="src/EquipmentBorrowing.Application/EquipmentBorrowing.Application.csproj" />
    <Project Path="src/EquipmentBorrowing.ConsoleDemo/EquipmentBorrowing.ConsoleDemo.csproj" />
    <Project Path="src/EquipmentBorrowing.Domain/EquipmentBorrowing.Domain.csproj" />
    <Project Path="src/EquipmentBorrowing.Infrastructure/EquipmentBorrowing.Infrastructure.csproj" />
  </Folder>
  <Folder Name="/tests/">
    <Project Path="tests/EquipmentBorrowing.Tests/EquipmentBorrowing.Tests.csproj" />
  </Folder>
  <Project Path="EquipmentBorrowing.Desktop/EquipmentBorrowing.Desktop.csproj" Id="748c4c26-fc29-4bf0-8e72-fc1011ad183f" />
</Solution>
